
Microsoft Visual Studio Solution File, Format Version 12.00
# Visual Studio Version 17
VisualStudioVersion = 17.0.31919.166
MinimumVisualStudioVersion = 10.0.40219.1
Project("{FAE04EC0-301F-11D3-BF4B-00C04F79EFBC}") = "Ex1", "Ex1\Ex1.csproj", "{5AEB31FA-8D2C-4243-BE90-4EBCBF76D08D}"
EndProject
Global
	GlobalSection(SolutionConfigurationPlatforms) = preSolution
		Debug|Any CPU = Debug|Any CPU
		Release|Any CPU = Release|Any CPU
	EndGlobalSection
	GlobalSection(ProjectConfigurationPlatforms) = postSolution
		{5AEB31FA-8D2C-4243-BE90-4EBCBF76D08D}.Debug|Any CPU.ActiveCfg = Debug|Any CPU
		{5AEB31FA-8D2C-4243-BE90-4EBCBF76D08D}.Debug|Any CPU.Build.0 = Debug|Any CPU
		{5AEB31FA-8D2C-4243-BE90-4EBCBF76D08D}.Release|Any CPU.ActiveCfg = Release|Any CPU
		{5AEB31FA-8D2C-4243-BE90-4EBCBF76D08D}.Release|Any CPU.Build.0 = Release|Any CPU
	EndGlobalSection
	GlobalSection(SolutionProperties) = preSolution
		HideSolutionNode = FALSE
	EndGlobalSection
	GlobalSection(ExtensibilityGlobals) = postSolution
		SolutionGuid = {71353260-08E4-4E73-94C5-9A0639A91CB0}
	EndGlobalSection
EndGlobal
